
Microsoft Visual Studio Solution File, Format Version 12.00
# Visual Studio Version 16
VisualStudioVersion = 16.0.29209.62
MinimumVisualStudioVersion = 10.0.40219.1
Project("{FAE04EC0-301F-11D3-BF4B-00C04F79EFBC}") = "FactorioOrganizer", "FactorioOrganizer\FactorioOrganizer.csproj", "{BB12F8B8-9AB4-4FA7-95C7-F3E619FFC4E8}"
EndProject
Global
	GlobalSection(SolutionConfigurationPlatforms) = preSolution
		Debug|Any CPU = Debug|Any CPU
		Release|Any CPU = Release|Any CPU
	EndGlobalSection
	GlobalSection(ProjectConfigurationPlatforms) = postSolution
		{BB12F8B8-9AB4-4FA7-95C7-F3E619FFC4E8}.Debug|Any CPU.ActiveCfg = Debug|Any CPU
		{BB12F8B8-9AB4-4FA7-95C7-F3E619FFC4E8}.Debug|Any CPU.Build.0 = Debug|Any CPU
		{BB12F8B8-9AB4-4FA7-95C7-F3E619FFC4E8}.Release|Any CPU.ActiveCfg = Release|Any CPU
		{BB12F8B8-9AB4-4FA7-95C7-F3E619FFC4E8}.Release|Any CPU.Build.0 = Release|Any CPU
	EndGlobalSection
	GlobalSection(SolutionProperties) = preSolution
		HideSolutionNode = FALSE
	EndGlobalSection
	GlobalSection(ExtensibilityGlobals) = postSolution
		SolutionGuid = {3929B0B9-4F9E-4B72-A8AA-6D36A91CC34E}
	EndGlobalSection
EndGlobal
